
Microsoft Visual Studio Solution File, Format Version 12.00
# Visual Studio Version 17
VisualStudioVersion = 17.14.36511.14 d17.14
MinimumVisualStudioVersion = 10.0.40219.1
Project("{FAE04EC0-301F-11D3-BF4B-00C04F79EFBC}") = "ConsoleApp1", "ConsoleApp1\ConsoleApp1.csproj", "{C841A4DF-E5C4-46F9-975B-BE4EF01E8925}"
EndProject
Global
	GlobalSection(SolutionConfigurationPlatforms) = preSolution
		Debug|Any CPU = Debug|Any CPU
		Release|Any CPU = Release|Any CPU
	EndGlobalSection
	GlobalSection(ProjectConfigurationPlatforms) = postSolution
		{C841A4DF-E5C4-46F9-975B-BE4EF01E8925}.Debug|Any CPU.ActiveCfg = Debug|Any CPU
		{C841A4DF-E5C4-46F9-975B-BE4EF01E8925}.Debug|Any CPU.Build.0 = Debug|Any CPU
		{C841A4DF-E5C4-46F9-975B-BE4EF01E8925}.Release|Any CPU.ActiveCfg = Release|Any CPU
		{C841A4DF-E5C4-46F9-975B-BE4EF01E8925}.Release|Any CPU.Build.0 = Release|Any CPU
	EndGlobalSection
	GlobalSection(SolutionProperties) = preSolution
		HideSolutionNode = FALSE
	EndGlobalSection
	GlobalSection(ExtensibilityGlobals) = postSolution
		SolutionGuid = {C5161D03-DE2A-41C7-8329-4B19071B4344}
	EndGlobalSection
EndGlobal
